
Microsoft Visual Studio Solution File, Format Version 12.00
# Visual Studio Version 17
VisualStudioVersion = 17.9.34310.174
MinimumVisualStudioVersion = 10.0.40219.1
Project("{9A19103F-16F7-4668-BE54-9A1E7A4F7556}") = "EduLinq", "EduLinq\EduLinq.csproj", "{94C1E7F1-51CE-4AD8-8281-419C7B020368}"
EndProject
Project("{9A19103F-16F7-4668-BE54-9A1E7A4F7556}") = "EduLinq.Tests", "EduLinq.Tests\EduLinq.Tests.csproj", "{B49F6339-4CDE-4F55-8A47-06E4D80C5D4B}"
EndProject
Global
	GlobalSection(SolutionConfigurationPlatforms) = preSolution
		Debug|Any CPU = Debug|Any CPU
		Release|Any CPU = Release|Any CPU
	EndGlobalSection
	GlobalSection(ProjectConfigurationPlatforms) = postSolution
		{94C1E7F1-51CE-4AD8-8281-419C7B020368}.Debug|Any CPU.ActiveCfg = Debug|Any CPU
		{94C1E7F1-51CE-4AD8-8281-419C7B020368}.Debug|Any CPU.Build.0 = Debug|Any CPU
		{94C1E7F1-51CE-4AD8-8281-419C7B020368}.Release|Any CPU.ActiveCfg = Release|Any CPU
		{94C1E7F1-51CE-4AD8-8281-419C7B020368}.Release|Any CPU.Build.0 = Release|Any CPU
		{B49F6339-4CDE-4F55-8A47-06E4D80C5D4B}.Debug|Any CPU.ActiveCfg = Debug|Any CPU
		{B49F6339-4CDE-4F55-8A47-06E4D80C5D4B}.Debug|Any CPU.Build.0 = Debug|Any CPU
		{B49F6339-4CDE-4F55-8A47-06E4D80C5D4B}.Release|Any CPU.ActiveCfg = Release|Any CPU
		{B49F6339-4CDE-4F55-8A47-06E4D80C5D4B}.Release|Any CPU.Build.0 = Release|Any CPU
	EndGlobalSection
	GlobalSection(SolutionProperties) = preSolution
		HideSolutionNode = FALSE
	EndGlobalSection
	GlobalSection(ExtensibilityGlobals) = postSolution
		SolutionGuid = {F5736CA6-BBF4-4684-807B-DDBC85EA97A1}
	EndGlobalSection
EndGlobal
